// !$*UTF8*$!
{
	archiveVersion = 1;
	classes = {
	};
	objectVersion = 50;
	objects = {

/* Begin PBXBuildFile section */
		6948C9FA251829D900C9D282 /* LineupVC.swift in Sources */ = {isa = PBXBuildFile; fileRef = 6948C9F9251829D900C9D282 /* LineupVC.swift */; };
		698D2B8D2507D71A007EE001 /* AppDelegate.swift in Sources */ = {isa = PBXBuildFile; fileRef = 698D2B8C2507D71A007EE001 /* AppDelegate.swift */; };
		698D2B8F2507D71A007EE001 /* SceneDelegate.swift in Sources */ = {isa = PBXBuildFile; fileRef = 698D2B8E2507D71A007EE001 /* SceneDelegate.swift */; };
		698D2B912507D71A007EE001 /* ViewController.swift in Sources */ = {isa = PBXBuildFile; fileRef = 698D2B902507D71A007EE001 /* ViewController.swift */; };
		698D2B942507D71A007EE001 /* Main.storyboard in Resources */ = {isa = PBXBuildFile; fileRef = 698D2B922507D71A007EE001 /* Main.storyboard */; };
		698D2B962507D71A007EE001 /* Assets.xcassets in Resources */ = {isa = PBXBuildFile; fileRef = 698D2B952507D71A007EE001 /* Assets.xcassets */; };
		698D2B992507D71A007EE001 /* LaunchScreen.storyboard in Resources */ = {isa = PBXBuildFile; fileRef = 698D2B972507D71A007EE001 /* LaunchScreen.storyboard */; };
		698D2BA42507D746007EE001 /* game.swift in Sources */ = {isa = PBXBuildFile; fileRef = 698D2BA32507D746007EE001 /* game.swift */; };
		698D2BA62507D79A007EE001 /* customButton.swift in Sources */ = {isa = PBXBuildFile; fileRef = 698D2BA52507D79A007EE001 /* customButton.swift */; };
		698D2BA82507D7C5007EE001 /* customPicker.swift in Sources */ = {isa = PBXBuildFile; fileRef = 698D2BA72507D7C5007EE001 /* customPicker.swift */; };
		698D2BAA2507D7FF007EE001 /* customTextField.swift in Sources */ = {isa = PBXBuildFile; fileRef = 698D2BA92507D7FF007EE001 /* customTextField.swift */; };
/* End PBXBuildFile section */

/* Begin PBXFileReference section */
		6948C9F9251829D900C9D282 /* LineupVC.swift */ = {isa = PBXFileReference; lastKnownFileType = sourcecode.swift; path = LineupVC.swift; sourceTree = "<group>"; };
		698D2B892507D71A007EE001 /* baseKeeper.app */ = {isa = PBXFileReference; explicitFileType = wrapper.application; includeInIndex = 0; path = baseKeeper.app; sourceTree = BUILT_PRODUCTS_DIR; };
		698D2B8C2507D71A007EE001 /* AppDelegate.swift */ = {isa = PBXFileReference; lastKnownFileType = sourcecode.swift; path = AppDelegate.swift; sourceTree = "<group>"; };
		698D2B8E2507D71A007EE001 /* SceneDelegate.swift */ = {isa = PBXFileReference; lastKnownFileType = sourcecode.swift; path = SceneDelegate.swift; sourceTree = "<group>"; };
		698D2B902507D71A007EE001 /* ViewController.swift */ = {isa = PBXFileReference; lastKnownFileType = sourcecode.swift; path = ViewController.swift; sourceTree = "<group>"; };
		698D2B932507D71A007EE001 /* Base */ = {isa = PBXFileReference; lastKnownFileType = file.storyboard; name = Base; path = Base.lproj/Main.storyboard; sourceTree = "<group>"; };
		698D2B952507D71A007EE001 /* Assets.xcassets */ = {isa = PBXFileReference; lastKnownFileType = folder.assetcatalog; path = Assets.xcassets; sourceTree = "<group>"; };
		698D2B982507D71A007EE001 /* Base */ = {isa = PBXFileReference; lastKnownFileType = file.storyboard; name = Base; path = Base.lproj/LaunchScreen.storyboard; sourceTree = "<group>"; };
		698D2B9A2507D71A007EE001 /* Info.plist */ = {isa = PBXFileReference; lastKnownFileType = text.plist.xml; path = Info.plist; sourceTree = "<group>"; };
		698D2BA32507D746007EE001 /* game.swift */ = {isa = PBXFileReference; lastKnownFileType = sourcecode.swift; path = game.swift; sourceTree = "<group>"; };
		698D2BA52507D79A007EE001 /* customButton.swift */ = {isa = PBXFileReference; lastKnownFileType = sourcecode.swift; path = customButton.swift; sourceTree = "<group>"; };
		698D2BA72507D7C5007EE001 /* customPicker.swift */ = {isa = PBXFileReference; lastKnownFileType = sourcecode.swift; path = customPicker.swift; sourceTree = "<group>"; };
		698D2BA92507D7FF007EE001 /* customTextField.swift */ = {isa = PBXFileReference; lastKnownFileType = sourcecode.swift; path = customTextField.swift; sourceTree = "<group>"; };
/* End PBXFileReference section */

/* Begin PBXFrameworksBuildPhase section */
		698D2B862507D71A007EE001 /* Frameworks */ = {
			isa = PBXFrameworksBuildPhase;
			buildActionMask = 2147483647;
			files = (
			);
			runOnlyForDeploymentPostprocessing = 0;
		};
/* End PBXFrameworksBuildPhase section */

/* Begin PBXGroup section */
		698D2B802507D71A007EE001 = {
			isa = PBXGroup;
			children = (
				698D2B8B2507D71A007EE001 /* baseKeeper */,
				698D2B8A2507D71A007EE001 /* Products */,
			);
			sourceTree = "<group>";
		};
		698D2B8A2507D71A007EE001 /* Products */ = {
			isa = PBXGroup;
			children = (
				698D2B892507D71A007EE001 /* baseKeeper.app */,
			);
			name = Products;
			sourceTree = "<group>";
		};
		698D2B8B2507D71A007EE001 /* baseKeeper */ = {
			isa = PBXGroup;
			children = (
				698D2BA22507D736007EE001 /* Model */,
				698D2BA12507D72E007EE001 /* Controller */,
				698D2BA02507D724007EE001 /* Views */,
				698D2B8C2507D71A007EE001 /* AppDelegate.swift */,
				698D2B8E2507D71A007EE001 /* SceneDelegate.swift */,
				698D2B922507D71A007EE001 /* Main.storyboard */,
				698D2B952507D71A007EE001 /* Assets.xcassets */,
				698D2B972507D71A007EE001 /* LaunchScreen.storyboard */,
				698D2B9A2507D71A007EE001 /* Info.plist */,
			);
			path = baseKeeper;
			sourceTree = "<group>";
		};
		698D2BA02507D724007EE001 /* Views */ = {
			isa = PBXGroup;
			children = (
				698D2BA52507D79A007EE001 /* customButton.swift */,
				698D2BA72507D7C5007EE001 /* customPicker.swift */,
				698D2BA92507D7FF007EE001 /* customTextField.swift */,
			);
			path = Views;
			sourceTree = "<group>";
		};
		698D2BA12507D72E007EE001 /* Controller */ = {
			isa = PBXGroup;
			children = (
				698D2B902507D71A007EE001 /* ViewController.swift */,
				6948C9F9251829D900C9D282 /* LineupVC.swift */,
			);
			path = Controller;
			sourceTree = "<group>";
		};
		698D2BA22507D736007EE001 /* Model */ = {
			isa = PBXGroup;
			children = (
				698D2BA32507D746007EE001 /* game.swift */,
			);
			path = Model;
			sourceTree = "<group>";
		};
/* End PBXGroup section */

/* Begin PBXNativeTarget section */
		698D2B882507D71A007EE001 /* baseKeeper */ = {
			isa = PBXNativeTarget;
			buildConfigurationList = 698D2B9D2507D71A007EE001 /* Build configuration list for PBXNativeTarget "baseKeeper" */;
			buildPhases = (
				698D2B852507D71A007EE001 /* Sources */,
				698D2B862507D71A007EE001 /* Frameworks */,
				698D2B872507D71A007EE001 /* Resources */,
			);
			buildRules = (
			);
			dependencies = (
			);
			name = baseKeeper;
			productName = baseKeeper;
			productReference = 698D2B892507D71A007EE001 /* baseKeeper.app */;
			productType = "com.apple.product-type.application";
		};
/* End PBXNativeTarget section */

/* Begin PBXProject section */
		698D2B812507D71A007EE001 /* Project object */ = {
			isa = PBXProject;
			attributes = {
				LastSwiftUpdateCheck = 1170;
				LastUpgradeCheck = 1170;
				ORGANIZATIONNAME = "John Barney";
				TargetAttributes = {
					698D2B882507D71A007EE001 = {
						CreatedOnToolsVersion = 11.7;
					};
				};
			};
			buildConfigurationList = 698D2B842507D71A007EE001 /* Build configuration list for PBXProject "baseKeeper" */;
			compatibilityVersion = "Xcode 9.3";
			developmentRegion = en;
			hasScannedForEncodings = 0;
			knownRegions = (
				en,
				Base,
			);
			mainGroup = 698D2B802507D71A007EE001;
			productRefGroup = 698D2B8A2507D71A007EE001 /* Products */;
			projectDirPath = "";
			projectRoot = "";
			targets = (
				698D2B882507D71A007EE001 /* baseKeeper */,
			);
		};
/* End PBXProject section */

/* Begin PBXResourcesBuildPhase section */
		698D2B872507D71A007EE001 /* Resources */ = {
			isa = PBXResourcesBuildPhase;
			buildActionMask = 2147483647;
			files = (
				698D2B992507D71A007EE001 /* LaunchScreen.storyboard in Resources */,
				698D2B962507D71A007EE001 /* Assets.xcassets in Resources */,
				698D2B942507D71A007EE001 /* Main.storyboard in Resources */,
			);
			runOnlyForDeploymentPostprocessing = 0;
		};
/* End PBXResourcesBuildPhase section */

/* Begin PBXSourcesBuildPhase section */
		698D2B852507D71A007EE001 /* Sources */ = {
			isa = PBXSourcesBuildPhase;
			buildActionMask = 2147483647;
			files = (
				698D2BA82507D7C5007EE001 /* customPicker.swift in Sources */,
				698D2BAA2507D7FF007EE001 /* customTextField.swift in Sources */,
				698D2B912507D71A007EE001 /* ViewController.swift in Sources */,
				698D2B8D2507D71A007EE001 /* AppDelegate.swift in Sources */,
				698D2B8F2507D71A007EE001 /* SceneDelegate.swift in Sources */,
				698D2BA42507D746007EE001 /* game.swift in Sources */,
				698D2BA62507D79A007EE001 /* customButton.swift in Sources */,
				6948C9FA251829D900C9D282 /* LineupVC.swift in Sources */,
			);
			runOnlyForDeploymentPostprocessing = 0;
		};
/* End PBXSourcesBuildPhase section */

/* Begin PBXVariantGroup section */
		698D2B922507D71A007EE001 /* Main.storyboard */ = {
			isa = PBXVariantGroup;
			children = (
				698D2B932507D71A007EE001 /* Base */,
			);
			name = Main.storyboard;
			sourceTree = "<group>";
		};
		698D2B972507D71A007EE001 /* LaunchScreen.storyboard */ = {
			isa = PBXVariantGroup;
			children = (
				698D2B982507D71A007EE001 /* Base */,
			);
			name = LaunchScreen.storyboard;
			sourceTree = "<group>";
		};
/* End PBXVariantGroup section */

/* Begin XCBuildConfiguration section */
		698D2B9B2507D71A007EE001 /* Debug */ = {
			isa = XCBuildConfiguration;
			buildSettings = {
				ALWAYS_SEARCH_USER_PATHS = NO;
				CLANG_ANALYZER_NONNULL = YES;
				CLANG_ANALYZER_NUMBER_OBJECT_CONVERSION = YES_AGGRESSIVE;
				CLANG_CXX_LANGUAGE_STANDARD = "gnu++14";
				CLANG_CXX_LIBRARY = "libc++";
				CLANG_ENABLE_MODULES = YES;
				CLANG_ENABLE_OBJC_ARC = YES;
				CLANG_ENABLE_OBJC_WEAK = YES;
				CLANG_WARN_BLOCK_CAPTURE_AUTORELEASING = YES;
				CLANG_WARN_BOOL_CONVERSION = YES;
				CLANG_WARN_COMMA = YES;
				CLANG_WARN_CONSTANT_CONVERSION = YES;
				CLANG_WARN_DEPRECATED_OBJC_IMPLEMENTATIONS = YES;
				CLANG_WARN_DIRECT_OBJC_ISA_USAGE = YES_ERROR;
				CLANG_WARN_DOCUMENTATION_COMMENTS = YES;
				CLANG_WARN_EMPTY_BODY = YES;
				CLANG_WARN_ENUM_CONVERSION = YES;
				CLANG_WARN_INFINITE_RECURSION = YES;
				CLANG_WARN_INT_CONVERSION = YES;
				CLANG_WARN_NON_LITERAL_NULL_CONVERSION = YES;
				CLANG_WARN_OBJC_IMPLICIT_RETAIN_SELF = YES;
				CLANG_WARN_OBJC_LITERAL_CONVERSION = YES;
				CLANG_WARN_OBJC_ROOT_CLASS = YES_ERROR;
				CLANG_WARN_RANGE_LOOP_ANALYSIS = YES;
				CLANG_WARN_STRICT_PROTOTYPES = YES;
				CLANG_WARN_SUSPICIOUS_MOVE = YES;
				CLANG_WARN_UNGUARDED_AVAILABILITY = YES_AGGRESSIVE;
				CLANG_WARN_UNREACHABLE_CODE = YES;
				CLANG_WARN__DUPLICATE_METHOD_MATCH = YES;
				COPY_PHASE_STRIP = NO;
				DEBUG_INFORMATION_FORMAT = dwarf;
				ENABLE_STRICT_OBJC_MSGSEND = YES;
				ENABLE_TESTABILITY = YES;
				GCC_C_LANGUAGE_STANDARD = gnu11;
				GCC_DYNAMIC_NO_PIC = NO;
				GCC_NO_COMMON_BLOCKS = YES;
				GCC_OPTIMIZATION_LEVEL = 0;
				GCC_PREPROCESSOR_DEFINITIONS = (
					"DEBUG=1",
					"$(inherited)",
				);
				GCC_WARN_64_TO_32_BIT_CONVERSION = YES;
				GCC_WARN_ABOUT_RETURN_TYPE = YES_ERROR;
				GCC_WARN_UNDECLARED_SELECTOR = YES;
				GCC_WARN_UNINITIALIZED_AUTOS = YES_AGGRESSIVE;
				GCC_WARN_UNUSED_FUNCTION = YES;
				GCC_WARN_UNUSED_VARIABLE = YES;
				IPHONEOS_DEPLOYMENT_TARGET = 13.7;
				MTL_ENABLE_DEBUG_INFO = INCLUDE_SOURCE;
				MTL_FAST_MATH = YES;
				ONLY_ACTIVE_ARCH = YES;
				SDKROOT = iphoneos;
				SWIFT_ACTIVE_COMPILATION_CONDITIONS = DEBUG;
				SWIFT_OPTIMIZATION_LEVEL = "-Onone";
			};
			name = Debug;
		};
		698D2B9C2507D71A007EE001 /* Release */ = {
			isa = XCBuildConfiguration;
			buildSettings = {
				ALWAYS_SEARCH_USER_PATHS = NO;
				CLANG_ANALYZER_NONNULL = YES;
				CLANG_ANALYZER_NUMBER_OBJECT_CONVERSION = YES_AGGRESSIVE;
				CLANG_CXX_LANGUAGE_STANDARD = "gnu++14";
				CLANG_CXX_LIBRARY = "libc++";
				CLANG_ENABLE_MODULES = YES;
				CLANG_ENABLE_OBJC_ARC = YES;
				CLANG_ENABLE_OBJC_WEAK = YES;
				CLANG_WARN_BLOCK_CAPTURE_AUTORELEASING = YES;
				CLANG_WARN_BOOL_CONVERSION = YES;
				CLANG_WARN_COMMA = YES;
				CLANG_WARN_CONSTANT_CONVERSION = YES;
				CLANG_WARN_DEPRECATED_OBJC_IMPLEMENTATIONS = YES;
				CLANG_WARN_DIRECT_OBJC_ISA_USAGE = YES_ERROR;
				CLANG_WARN_DOCUMENTATION_COMMENTS = YES;
				CLANG_WARN_EMPTY_BODY = YES;
				CLANG_WARN_ENUM_CONVERSION = YES;
				CLANG_WARN_INFINITE_RECURSION = YES;
				CLANG_WARN_INT_CONVERSION = YES;
				CLANG_WARN_NON_LITERAL_NULL_CONVERSION = YES;
				CLANG_WARN_OBJC_IMPLICIT_RETAIN_SELF = YES;
				CLANG_WARN_OBJC_LITERAL_CONVERSION = YES;
				CLANG_WARN_OBJC_ROOT_CLASS = YES_ERROR;
				CLANG_WARN_RANGE_LOOP_ANALYSIS = YES;
				CLANG_WARN_STRICT_PROTOTYPES = YES;
				CLANG_WARN_SUSPICIOUS_MOVE = YES;
				CLANG_WARN_UNGUARDED_AVAILABILITY = YES_AGGRESSIVE;
				CLANG_WARN_UNREACHABLE_CODE = YES;
				CLANG_WARN__DUPLICATE_METHOD_MATCH = YES;
				COPY_PHASE_STRIP = NO;
				DEBUG_INFORMATION_FORMAT = "dwarf-with-dsym";
				ENABLE_NS_ASSERTIONS = NO;
				ENABLE_STRICT_OBJC_MSGSEND = YES;
				GCC_C_LANGUAGE_STANDARD = gnu11;
				GCC_NO_COMMON_BLOCKS = YES;
				GCC_WARN_64_TO_32_BIT_CONVERSION = YES;
				GCC_WARN_ABOUT_RETURN_TYPE = YES_ERROR;
				GCC_WARN_UNDECLARED_SELECTOR = YES;
				GCC_WARN_UNINITIALIZED_AUTOS = YES_AGGRESSIVE;
				GCC_WARN_UNUSED_FUNCTION = YES;
				GCC_WARN_UNUSED_VARIABLE = YES;
				IPHONEOS_DEPLOYMENT_TARGET = 13.7;
				MTL_ENABLE_DEBUG_INFO = NO;
				MTL_FAST_MATH = YES;
				SDKROOT = iphoneos;
				SWIFT_COMPILATION_MODE = wholemodule;
				SWIFT_OPTIMIZATION_LEVEL = "-O";
				VALIDATE_PRODUCT = YES;
			};
			name = Release;
		};
		698D2B9E2507D71A007EE001 /* Debug */ = {
			isa = XCBuildConfiguration;
			buildSettings = {
				ASSETCATALOG_COMPILER_APPICON_NAME = AppIcon;
				CODE_SIGN_STYLE = Automatic;
				INFOPLIST_FILE = baseKeeper/Info.plist;
				LD_RUNPATH_SEARCH_PATHS = (
					"$(inherited)",
					"@executable_path/Frameworks",
				);
				PRODUCT_BUNDLE_IDENTIFIER = jfbarney.baseKeeper;
				PRODUCT_NAME = "$(TARGET_NAME)";
				SWIFT_VERSION = 5.0;
				TARGETED_DEVICE_FAMILY = "1,2";
			};
			name = Debug;
		};
		698D2B9F2507D71A007EE001 /* Release */ = {
			isa = XCBuildConfiguration;
			buildSettings = {
				ASSETCATALOG_COMPILER_APPICON_NAME = AppIcon;
				CODE_SIGN_STYLE = Automatic;
				INFOPLIST_FILE = baseKeeper/Info.plist;
				LD_RUNPATH_SEARCH_PATHS = (
					"$(inherited)",
					"@executable_path/Frameworks",
				);
				PRODUCT_BUNDLE_IDENTIFIER = jfbarney.baseKeeper;
				PRODUCT_NAME = "$(TARGET_NAME)";
				SWIFT_VERSION = 5.0;
				TARGETED_DEVICE_FAMILY = "1,2";
			};
			name = Release;
		};
/* End XCBuildConfiguration section */

/* Begin XCConfigurationList section */
		698D2B842507D71A007EE001 /* Build configuration list for PBXProject "baseKeeper" */ = {
			isa = XCConfigurationList;
			buildConfigurations = (
				698D2B9B2507D71A007EE001 /* Debug */,
				698D2B9C2507D71A007EE001 /* Release */,
			);
			defaultConfigurationIsVisible = 0;
			defaultConfigurationName = Release;
		};
		698D2B9D2507D71A007EE001 /* Build configuration list for PBXNativeTarget "baseKeeper" */ = {
			isa = XCConfigurationList;
			buildConfigurations = (
				698D2B9E2507D71A007EE001 /* Debug */,
				698D2B9F2507D71A007EE001 /* Release */,
			);
			defaultConfigurationIsVisible = 0;
			defaultConfigurationName = Release;
		};
/* End XCConfigurationList section */
	};
	rootObject = 698D2B812507D71A007EE001 /* Project object */;
}
